
Microsoft Visual Studio Solution File, Format Version 12.00
# Visual Studio Version 17
VisualStudioVersion = 17.13.35931.197 d17.13
MinimumVisualStudioVersion = 10.0.40219.1
Project("{FAE04EC0-301F-11D3-BF4B-00C04F79EFBC}") = "Dijsktra", "Dijsktra.csproj", "{04BFC84E-43E7-47C2-AEBB-499EA1F29A17}"
EndProject
Global
	GlobalSection(SolutionConfigurationPlatforms) = preSolution
		Debug|Any CPU = Debug|Any CPU
		Release|Any CPU = Release|Any CPU
	EndGlobalSection
	GlobalSection(ProjectConfigurationPlatforms) = postSolution
		{04BFC84E-43E7-47C2-AEBB-499EA1F29A17}.Debug|Any CPU.ActiveCfg = Debug|Any CPU
		{04BFC84E-43E7-47C2-AEBB-499EA1F29A17}.Debug|Any CPU.Build.0 = Debug|Any CPU
		{04BFC84E-43E7-47C2-AEBB-499EA1F29A17}.Release|Any CPU.ActiveCfg = Release|Any CPU
		{04BFC84E-43E7-47C2-AEBB-499EA1F29A17}.Release|Any CPU.Build.0 = Release|Any CPU
	EndGlobalSection
	GlobalSection(SolutionProperties) = preSolution
		HideSolutionNode = FALSE
	EndGlobalSection
	GlobalSection(ExtensibilityGlobals) = postSolution
		SolutionGuid = {90B273D7-0A01-455B-8545-296AC285C52E}
	EndGlobalSection
EndGlobal
