
Microsoft Visual Studio Solution File, Format Version 12.00
# Visual Studio Version 17
VisualStudioVersion = 17.13.35931.197 d17.13
MinimumVisualStudioVersion = 10.0.40219.1
Project("{FAE04EC0-301F-11D3-BF4B-00C04F79EFBC}") = "Dijsktra2", "Dijsktra2.csproj", "{FCCCBA32-C79D-43FA-A451-2D0E2F8ED7F9}"
EndProject
Global
	GlobalSection(SolutionConfigurationPlatforms) = preSolution
		Debug|Any CPU = Debug|Any CPU
		Release|Any CPU = Release|Any CPU
	EndGlobalSection
	GlobalSection(ProjectConfigurationPlatforms) = postSolution
		{FCCCBA32-C79D-43FA-A451-2D0E2F8ED7F9}.Debug|Any CPU.ActiveCfg = Debug|Any CPU
		{FCCCBA32-C79D-43FA-A451-2D0E2F8ED7F9}.Debug|Any CPU.Build.0 = Debug|Any CPU
		{FCCCBA32-C79D-43FA-A451-2D0E2F8ED7F9}.Release|Any CPU.ActiveCfg = Release|Any CPU
		{FCCCBA32-C79D-43FA-A451-2D0E2F8ED7F9}.Release|Any CPU.Build.0 = Release|Any CPU
	EndGlobalSection
	GlobalSection(SolutionProperties) = preSolution
		HideSolutionNode = FALSE
	EndGlobalSection
	GlobalSection(ExtensibilityGlobals) = postSolution
		SolutionGuid = {6BE83500-1244-4723-9008-85F08F118585}
	EndGlobalSection
EndGlobal
